Microsoft Visual Studio Solution File, Format Version 12.00
# Visual Studio Version 17
VisualStudioVersion = 17.5.2.0
MinimumVisualStudioVersion = 10.0.40219.1
Project("{FAE04EC0-301F-11D3-BF4B-00C04F79EFBC}") = "Steam Desktop Authenticator", "Steam Desktop Authenticator.csproj", "{C8EF9817-C717-ACA8-C246-2B47D8464838}"
EndProject
Global
	GlobalSection(SolutionConfigurationPlatforms) = preSolution
		Debug|Any CPU = Debug|Any CPU
		Release|Any CPU = Release|Any CPU
	EndGlobalSection
	GlobalSection(ProjectConfigurationPlatforms) = postSolution
		{C8EF9817-C717-ACA8-C246-2B47D8464838}.Debug|Any CPU.ActiveCfg = Debug|Any CPU
		{C8EF9817-C717-ACA8-C246-2B47D8464838}.Debug|Any CPU.Build.0 = Debug|Any CPU
		{C8EF9817-C717-ACA8-C246-2B47D8464838}.Release|Any CPU.ActiveCfg = Release|Any CPU
		{C8EF9817-C717-ACA8-C246-2B47D8464838}.Release|Any CPU.Build.0 = Release|Any CPU
	EndGlobalSection
	GlobalSection(SolutionProperties) = preSolution
		HideSolutionNode = FALSE
	EndGlobalSection
	GlobalSection(ExtensibilityGlobals) = postSolution
		SolutionGuid = {E2AC51A1-4003-465B-A6CD-9A975B96B91F}
	EndGlobalSection
EndGlobal
